
Microsoft Visual Studio Solution File, Format Version 12.00
# Visual Studio Version 16
VisualStudioVersion = 16.0.31205.134
MinimumVisualStudioVersion = 10.0.40219.1
Project("{FAE04EC0-301F-11D3-BF4B-00C04F79EFBC}") = "WF_Time_Sheet", "WF_Time_Sheet\WF_Time_Sheet.csproj", "{AC9C59FE-19E4-4A10-B3B7-DB5FDF755D77}"
EndProject
Global
	GlobalSection(SolutionConfigurationPlatforms) = preSolution
		Debug|Any CPU = Debug|Any CPU
		Release|Any CPU = Release|Any CPU
	EndGlobalSection
	GlobalSection(ProjectConfigurationPlatforms) = postSolution
		{AC9C59FE-19E4-4A10-B3B7-DB5FDF755D77}.Debug|Any CPU.ActiveCfg = Debug|Any CPU
		{AC9C59FE-19E4-4A10-B3B7-DB5FDF755D77}.Debug|Any CPU.Build.0 = Debug|Any CPU
		{AC9C59FE-19E4-4A10-B3B7-DB5FDF755D77}.Release|Any CPU.ActiveCfg = Release|Any CPU
		{AC9C59FE-19E4-4A10-B3B7-DB5FDF755D77}.Release|Any CPU.Build.0 = Release|Any CPU
	EndGlobalSection
	GlobalSection(SolutionProperties) = preSolution
		HideSolutionNode = FALSE
	EndGlobalSection
	GlobalSection(ExtensibilityGlobals) = postSolution
		SolutionGuid = {45027EC9-3445-41D9-880C-3B92918D3998}
	EndGlobalSection
EndGlobal
